// !$*UTF8*$!
{
	archiveVersion = 1;
	classes = {
	};
	objectVersion = 50;
	objects = {

/* Begin PBXBuildFile section */
		C200FFEA24E9F2A1008E733C /* response.swift in Sources */ = {isa = PBXBuildFile; fileRef = C200FFE924E9F2A1008E733C /* response.swift */; };
		C225B31C24EB542000F9CF77 /* CacheManager.swift in Sources */ = {isa = PBXBuildFile; fileRef = C225B31B24EB542000F9CF77 /* CacheManager.swift */; };
		C23A1F2024E8B91100A8E5EE /* AppDelegate.swift in Sources */ = {isa = PBXBuildFile; fileRef = C23A1F1F24E8B91100A8E5EE /* AppDelegate.swift */; };
		C23A1F2224E8B91100A8E5EE /* SceneDelegate.swift in Sources */ = {isa = PBXBuildFile; fileRef = C23A1F2124E8B91100A8E5EE /* SceneDelegate.swift */; };
		C23A1F2424E8B91100A8E5EE /* ViewController.swift in Sources */ = {isa = PBXBuildFile; fileRef = C23A1F2324E8B91100A8E5EE /* ViewController.swift */; };
		C23A1F2724E8B91100A8E5EE /* Main.storyboard in Resources */ = {isa = PBXBuildFile; fileRef = C23A1F2524E8B91100A8E5EE /* Main.storyboard */; };
		C23A1F2924E8B91200A8E5EE /* Assets.xcassets in Resources */ = {isa = PBXBuildFile; fileRef = C23A1F2824E8B91200A8E5EE /* Assets.xcassets */; };
		C23A1F2C24E8B91200A8E5EE /* LaunchScreen.storyboard in Resources */ = {isa = PBXBuildFile; fileRef = C23A1F2A24E8B91200A8E5EE /* LaunchScreen.storyboard */; };
		C24CEB5924E8C5140005D37F /* constant.swift in Sources */ = {isa = PBXBuildFile; fileRef = C24CEB5824E8C5140005D37F /* constant.swift */; };
		C24CEB5B24E8C7010005D37F /* videos.swift in Sources */ = {isa = PBXBuildFile; fileRef = C24CEB5A24E8C7010005D37F /* videos.swift */; };
		C24CEB5D24E8C75F0005D37F /* model.swift in Sources */ = {isa = PBXBuildFile; fileRef = C24CEB5C24E8C75F0005D37F /* model.swift */; };
		C24CEB5F24E8CBE50005D37F /* constantTemplate.swift in Sources */ = {isa = PBXBuildFile; fileRef = C24CEB5E24E8CBE50005D37F /* constantTemplate.swift */; };
		C2A10A6A24EAEDF400FA59A6 /* VideoTableViewCell.swift in Sources */ = {isa = PBXBuildFile; fileRef = C2A10A6924EAEDF400FA59A6 /* VideoTableViewCell.swift */; };
/* End PBXBuildFile section */

/* Begin PBXFileReference section */
		C200FFE924E9F2A1008E733C /* response.swift */ = {isa = PBXFileReference; lastKnownFileType = sourcecode.swift; path = response.swift; sourceTree = "<group>"; };
		C225B31A24EB0BB200F9CF77 /* Youtube-App.entitlements */ = {isa = PBXFileReference; lastKnownFileType = text.plist.entitlements; path = "Youtube-App.entitlements"; sourceTree = "<group>"; };
		C225B31B24EB542000F9CF77 /* CacheManager.swift */ = {isa = PBXFileReference; lastKnownFileType = sourcecode.swift; path = CacheManager.swift; sourceTree = "<group>"; };
		C23A1F1C24E8B91100A8E5EE /* Youtube-App.app */ = {isa = PBXFileReference; explicitFileType = wrapper.application; includeInIndex = 0; path = "Youtube-App.app"; sourceTree = BUILT_PRODUCTS_DIR; };
		C23A1F1F24E8B91100A8E5EE /* AppDelegate.swift */ = {isa = PBXFileReference; lastKnownFileType = sourcecode.swift; path = AppDelegate.swift; sourceTree = "<group>"; };
		C23A1F2124E8B91100A8E5EE /* SceneDelegate.swift */ = {isa = PBXFileReference; lastKnownFileType = sourcecode.swift; path = SceneDelegate.swift; sourceTree = "<group>"; };
		C23A1F2324E8B91100A8E5EE /* ViewController.swift */ = {isa = PBXFileReference; lastKnownFileType = sourcecode.swift; path = ViewController.swift; sourceTree = "<group>"; };
		C23A1F2624E8B91100A8E5EE /* Base */ = {isa = PBXFileReference; lastKnownFileType = file.storyboard; name = Base; path = Base.lproj/Main.storyboard; sourceTree = "<group>"; };
		C23A1F2824E8B91200A8E5EE /* Assets.xcassets */ = {isa = PBXFileReference; lastKnownFileType = folder.assetcatalog; path = Assets.xcassets; sourceTree = "<group>"; };
		C23A1F2B24E8B91200A8E5EE /* Base */ = {isa = PBXFileReference; lastKnownFileType = file.storyboard; name = Base; path = Base.lproj/LaunchScreen.storyboard; sourceTree = "<group>"; };
		C23A1F2D24E8B91200A8E5EE /* Info.plist */ = {isa = PBXFileReference; lastKnownFileType = text.plist.xml; path = Info.plist; sourceTree = "<group>"; };
		C24CEB5824E8C5140005D37F /* constant.swift */ = {isa = PBXFileReference; lastKnownFileType = sourcecode.swift; name = constant.swift; path = ../constant.swift; sourceTree = "<group>"; };
		C24CEB5A24E8C7010005D37F /* videos.swift */ = {isa = PBXFileReference; lastKnownFileType = sourcecode.swift; path = videos.swift; sourceTree = "<group>"; };
		C24CEB5C24E8C75F0005D37F /* model.swift */ = {isa = PBXFileReference; lastKnownFileType = sourcecode.swift; path = model.swift; sourceTree = "<group>"; };
		C24CEB5E24E8CBE50005D37F /* constantTemplate.swift */ = {isa = PBXFileReference; lastKnownFileType = sourcecode.swift; path = constantTemplate.swift; sourceTree = "<group>"; };
		C2A10A6924EAEDF400FA59A6 /* VideoTableViewCell.swift */ = {isa = PBXFileReference; lastKnownFileType = sourcecode.swift; path = VideoTableViewCell.swift; sourceTree = "<group>"; };
/* End PBXFileReference section */

/* Begin PBXFrameworksBuildPhase section */
		C23A1F1924E8B91100A8E5EE /* Frameworks */ = {
			isa = PBXFrameworksBuildPhase;
			buildActionMask = 2147483647;
			files = (
			);
			runOnlyForDeploymentPostprocessing = 0;
		};
/* End PBXFrameworksBuildPhase section */

/* Begin PBXGroup section */
		C23A1F1324E8B91100A8E5EE = {
			isa = PBXGroup;
			children = (
				C23A1F1E24E8B91100A8E5EE /* Youtube-App */,
				C23A1F1D24E8B91100A8E5EE /* Products */,
			);
			sourceTree = "<group>";
		};
		C23A1F1D24E8B91100A8E5EE /* Products */ = {
			isa = PBXGroup;
			children = (
				C23A1F1C24E8B91100A8E5EE /* Youtube-App.app */,
			);
			name = Products;
			sourceTree = "<group>";
		};
		C23A1F1E24E8B91100A8E5EE /* Youtube-App */ = {
			isa = PBXGroup;
			children = (
				C225B31A24EB0BB200F9CF77 /* Youtube-App.entitlements */,
				C23A1F1F24E8B91100A8E5EE /* AppDelegate.swift */,
				C23A1F2124E8B91100A8E5EE /* SceneDelegate.swift */,
				C2A10A6F24EAEE3E00FA59A6 /* Helpers */,
				C2A10A6E24EAEE3500FA59A6 /* Storyboards */,
				C2A10A6D24EAEE2C00FA59A6 /* Models */,
				C2A10A6C24EAEE1300FA59A6 /* Views */,
				C2A10A6B24EAEE0700FA59A6 /* View Controllers */,
				C23A1F2824E8B91200A8E5EE /* Assets.xcassets */,
				C23A1F2D24E8B91200A8E5EE /* Info.plist */,
			);
			path = "Youtube-App";
			sourceTree = "<group>";
		};
		C2A10A6B24EAEE0700FA59A6 /* View Controllers */ = {
			isa = PBXGroup;
			children = (
				C23A1F2324E8B91100A8E5EE /* ViewController.swift */,
			);
			path = "View Controllers";
			sourceTree = "<group>";
		};
		C2A10A6C24EAEE1300FA59A6 /* Views */ = {
			isa = PBXGroup;
			children = (
				C2A10A6924EAEDF400FA59A6 /* VideoTableViewCell.swift */,
			);
			path = Views;
			sourceTree = "<group>";
		};
		C2A10A6D24EAEE2C00FA59A6 /* Models */ = {
			isa = PBXGroup;
			children = (
				C24CEB5A24E8C7010005D37F /* videos.swift */,
				C24CEB5C24E8C75F0005D37F /* model.swift */,
				C200FFE924E9F2A1008E733C /* response.swift */,
			);
			path = Models;
			sourceTree = "<group>";
		};
		C2A10A6E24EAEE3500FA59A6 /* Storyboards */ = {
			isa = PBXGroup;
			children = (
				C23A1F2524E8B91100A8E5EE /* Main.storyboard */,
				C23A1F2A24E8B91200A8E5EE /* LaunchScreen.storyboard */,
			);
			path = Storyboards;
			sourceTree = "<group>";
		};
		C2A10A6F24EAEE3E00FA59A6 /* Helpers */ = {
			isa = PBXGroup;
			children = (
				C24CEB5824E8C5140005D37F /* constant.swift */,
				C24CEB5E24E8CBE50005D37F /* constantTemplate.swift */,
				C225B31B24EB542000F9CF77 /* CacheManager.swift */,
			);
			path = Helpers;
			sourceTree = "<group>";
		};
/* End PBXGroup section */

/* Begin PBXNativeTarget section */
		C23A1F1B24E8B91100A8E5EE /* Youtube-App */ = {
			isa = PBXNativeTarget;
			buildConfigurationList = C23A1F3024E8B91200A8E5EE /* Build configuration list for PBXNativeTarget "Youtube-App" */;
			buildPhases = (
				C23A1F1824E8B91100A8E5EE /* Sources */,
				C23A1F1924E8B91100A8E5EE /* Frameworks */,
				C23A1F1A24E8B91100A8E5EE /* Resources */,
			);
			buildRules = (
			);
			dependencies = (
			);
			name = "Youtube-App";
			productName = "Youtube-App";
			productReference = C23A1F1C24E8B91100A8E5EE /* Youtube-App.app */;
			productType = "com.apple.product-type.application";
		};
/* End PBXNativeTarget section */

/* Begin PBXProject section */
		C23A1F1424E8B91100A8E5EE /* Project object */ = {
			isa = PBXProject;
			attributes = {
				LastSwiftUpdateCheck = 1160;
				LastUpgradeCheck = 1160;
				ORGANIZATIONNAME = "Aayush Patel";
				TargetAttributes = {
					C23A1F1B24E8B91100A8E5EE = {
						CreatedOnToolsVersion = 11.6;
					};
				};
			};
			buildConfigurationList = C23A1F1724E8B91100A8E5EE /* Build configuration list for PBXProject "Youtube-App" */;
			compatibilityVersion = "Xcode 9.3";
			developmentRegion = en;
			hasScannedForEncodings = 0;
			knownRegions = (
				en,
				Base,
			);
			mainGroup = C23A1F1324E8B91100A8E5EE;
			productRefGroup = C23A1F1D24E8B91100A8E5EE /* Products */;
			projectDirPath = "";
			projectRoot = "";
			targets = (
				C23A1F1B24E8B91100A8E5EE /* Youtube-App */,
			);
		};
/* End PBXProject section */

/* Begin PBXResourcesBuildPhase section */
		C23A1F1A24E8B91100A8E5EE /* Resources */ = {
			isa = PBXResourcesBuildPhase;
			buildActionMask = 2147483647;
			files = (
				C23A1F2C24E8B91200A8E5EE /* LaunchScreen.storyboard in Resources */,
				C23A1F2924E8B91200A8E5EE /* Assets.xcassets in Resources */,
				C23A1F2724E8B91100A8E5EE /* Main.storyboard in Resources */,
			);
			runOnlyForDeploymentPostprocessing = 0;
		};
/* End PBXResourcesBuildPhase section */

/* Begin PBXSourcesBuildPhase section */
		C23A1F1824E8B91100A8E5EE /* Sources */ = {
			isa = PBXSourcesBuildPhase;
			buildActionMask = 2147483647;
			files = (
				C200FFEA24E9F2A1008E733C /* response.swift in Sources */,
				C23A1F2424E8B91100A8E5EE /* ViewController.swift in Sources */,
				C24CEB5D24E8C75F0005D37F /* model.swift in Sources */,
				C23A1F2024E8B91100A8E5EE /* AppDelegate.swift in Sources */,
				C23A1F2224E8B91100A8E5EE /* SceneDelegate.swift in Sources */,
				C24CEB5B24E8C7010005D37F /* videos.swift in Sources */,
				C225B31C24EB542000F9CF77 /* CacheManager.swift in Sources */,
				C24CEB5F24E8CBE50005D37F /* constantTemplate.swift in Sources */,
				C24CEB5924E8C5140005D37F /* constant.swift in Sources */,
				C2A10A6A24EAEDF400FA59A6 /* VideoTableViewCell.swift in Sources */,
			);
			runOnlyForDeploymentPostprocessing = 0;
		};
/* End PBXSourcesBuildPhase section */

/* Begin PBXVariantGroup section */
		C23A1F2524E8B91100A8E5EE /* Main.storyboard */ = {
			isa = PBXVariantGroup;
			children = (
				C23A1F2624E8B91100A8E5EE /* Base */,
			);
			name = Main.storyboard;
			sourceTree = "<group>";
		};
		C23A1F2A24E8B91200A8E5EE /* LaunchScreen.storyboard */ = {
			isa = PBXVariantGroup;
			children = (
				C23A1F2B24E8B91200A8E5EE /* Base */,
			);
			name = LaunchScreen.storyboard;
			sourceTree = "<group>";
		};
/* End PBXVariantGroup section */

/* Begin XCBuildConfiguration section */
		C23A1F2E24E8B91200A8E5EE /* Debug */ = {
			isa = XCBuildConfiguration;
			buildSettings = {
				ALWAYS_SEARCH_USER_PATHS = NO;
				CLANG_ANALYZER_NONNULL = YES;
				CLANG_ANALYZER_NUMBER_OBJECT_CONVERSION = YES_AGGRESSIVE;
				CLANG_CXX_LANGUAGE_STANDARD = "gnu++14";
				CLANG_CXX_LIBRARY = "libc++";
				CLANG_ENABLE_MODULES = YES;
				CLANG_ENABLE_OBJC_ARC = YES;
				CLANG_ENABLE_OBJC_WEAK = YES;
				CLANG_WARN_BLOCK_CAPTURE_AUTORELEASING = YES;
				CLANG_WARN_BOOL_CONVERSION = YES;
				CLANG_WARN_COMMA = YES;
				CLANG_WARN_CONSTANT_CONVERSION = YES;
				CLANG_WARN_DEPRECATED_OBJC_IMPLEMENTATIONS = YES;
				CLANG_WARN_DIRECT_OBJC_ISA_USAGE = YES_ERROR;
				CLANG_WARN_DOCUMENTATION_COMMENTS = YES;
				CLANG_WARN_EMPTY_BODY = YES;
				CLANG_WARN_ENUM_CONVERSION = YES;
				CLANG_WARN_INFINITE_RECURSION = YES;
				CLANG_WARN_INT_CONVERSION = YES;
				CLANG_WARN_NON_LITERAL_NULL_CONVERSION = YES;
				CLANG_WARN_OBJC_IMPLICIT_RETAIN_SELF = YES;
				CLANG_WARN_OBJC_LITERAL_CONVERSION = YES;
				CLANG_WARN_OBJC_ROOT_CLASS = YES_ERROR;
				CLANG_WARN_RANGE_LOOP_ANALYSIS = YES;
				CLANG_WARN_STRICT_PROTOTYPES = YES;
				CLANG_WARN_SUSPICIOUS_MOVE = YES;
				CLANG_WARN_UNGUARDED_AVAILABILITY = YES_AGGRESSIVE;
				CLANG_WARN_UNREACHABLE_CODE = YES;
				CLANG_WARN__DUPLICATE_METHOD_MATCH = YES;
				COPY_PHASE_STRIP = NO;
				DEBUG_INFORMATION_FORMAT = dwarf;
				ENABLE_STRICT_OBJC_MSGSEND = YES;
				ENABLE_TESTABILITY = YES;
				GCC_C_LANGUAGE_STANDARD = gnu11;
				GCC_DYNAMIC_NO_PIC = NO;
				GCC_NO_COMMON_BLOCKS = YES;
				GCC_OPTIMIZATION_LEVEL = 0;
				GCC_PREPROCESSOR_DEFINITIONS = (
					"DEBUG=1",
					"$(inherited)",
				);
				GCC_WARN_64_TO_32_BIT_CONVERSION = YES;
				GCC_WARN_ABOUT_RETURN_TYPE = YES_ERROR;
				GCC_WARN_UNDECLARED_SELECTOR = YES;
				GCC_WARN_UNINITIALIZED_AUTOS = YES_AGGRESSIVE;
				GCC_WARN_UNUSED_FUNCTION = YES;
				GCC_WARN_UNUSED_VARIABLE = YES;
				IPHONEOS_DEPLOYMENT_TARGET = 13.6;
				MTL_ENABLE_DEBUG_INFO = INCLUDE_SOURCE;
				MTL_FAST_MATH = YES;
				ONLY_ACTIVE_ARCH = YES;
				SDKROOT = iphoneos;
				SWIFT_ACTIVE_COMPILATION_CONDITIONS = DEBUG;
				SWIFT_OPTIMIZATION_LEVEL = "-Onone";
			};
			name = Debug;
		};
		C23A1F2F24E8B91200A8E5EE /* Release */ = {
			isa = XCBuildConfiguration;
			buildSettings = {
				ALWAYS_SEARCH_USER_PATHS = NO;
				CLANG_ANALYZER_NONNULL = YES;
				CLANG_ANALYZER_NUMBER_OBJECT_CONVERSION = YES_AGGRESSIVE;
				CLANG_CXX_LANGUAGE_STANDARD = "gnu++14";
				CLANG_CXX_LIBRARY = "libc++";
				CLANG_ENABLE_MODULES = YES;
				CLANG_ENABLE_OBJC_ARC = YES;
				CLANG_ENABLE_OBJC_WEAK = YES;
				CLANG_WARN_BLOCK_CAPTURE_AUTORELEASING = YES;
				CLANG_WARN_BOOL_CONVERSION = YES;
				CLANG_WARN_COMMA = YES;
				CLANG_WARN_CONSTANT_CONVERSION = YES;
				CLANG_WARN_DEPRECATED_OBJC_IMPLEMENTATIONS = YES;
				CLANG_WARN_DIRECT_OBJC_ISA_USAGE = YES_ERROR;
				CLANG_WARN_DOCUMENTATION_COMMENTS = YES;
				CLANG_WARN_EMPTY_BODY = YES;
				CLANG_WARN_ENUM_CONVERSION = YES;
				CLANG_WARN_INFINITE_RECURSION = YES;
				CLANG_WARN_INT_CONVERSION = YES;
				CLANG_WARN_NON_LITERAL_NULL_CONVERSION = YES;
				CLANG_WARN_OBJC_IMPLICIT_RETAIN_SELF = YES;
				CLANG_WARN_OBJC_LITERAL_CONVERSION = YES;
				CLANG_WARN_OBJC_ROOT_CLASS = YES_ERROR;
				CLANG_WARN_RANGE_LOOP_ANALYSIS = YES;
				CLANG_WARN_STRICT_PROTOTYPES = YES;
				CLANG_WARN_SUSPICIOUS_MOVE = YES;
				CLANG_WARN_UNGUARDED_AVAILABILITY = YES_AGGRESSIVE;
				CLANG_WARN_UNREACHABLE_CODE = YES;
				CLANG_WARN__DUPLICATE_METHOD_MATCH = YES;
				COPY_PHASE_STRIP = NO;
				DEBUG_INFORMATION_FORMAT = "dwarf-with-dsym";
				ENABLE_NS_ASSERTIONS = NO;
				ENABLE_STRICT_OBJC_MSGSEND = YES;
				GCC_C_LANGUAGE_STANDARD = gnu11;
				GCC_NO_COMMON_BLOCKS = YES;
				GCC_WARN_64_TO_32_BIT_CONVERSION = YES;
				GCC_WARN_ABOUT_RETURN_TYPE = YES_ERROR;
				GCC_WARN_UNDECLARED_SELECTOR = YES;
				GCC_WARN_UNINITIALIZED_AUTOS = YES_AGGRESSIVE;
				GCC_WARN_UNUSED_FUNCTION = YES;
				GCC_WARN_UNUSED_VARIABLE = YES;
				IPHONEOS_DEPLOYMENT_TARGET = 13.6;
				MTL_ENABLE_DEBUG_INFO = NO;
				MTL_FAST_MATH = YES;
				SDKROOT = iphoneos;
				SWIFT_COMPILATION_MODE = wholemodule;
				SWIFT_OPTIMIZATION_LEVEL = "-O";
				VALIDATE_PRODUCT = YES;
			};
			name = Release;
		};
		C23A1F3124E8B91200A8E5EE /* Debug */ = {
			isa = XCBuildConfiguration;
			buildSettings = {
				ASSETCATALOG_COMPILER_APPICON_NAME = AppIcon;
				CODE_SIGN_ENTITLEMENTS = "Youtube-App/Youtube-App.entitlements";
				CODE_SIGN_IDENTITY = "Apple Development";
				CODE_SIGN_STYLE = Automatic;
				DEVELOPMENT_TEAM = F9LXX227CY;
				INFOPLIST_FILE = "Youtube-App/Info.plist";
				LD_RUNPATH_SEARCH_PATHS = (
					"$(inherited)",
					"@executable_path/Frameworks",
				);
				PRODUCT_BUNDLE_IDENTIFIER = "com.aayushpatel.Youtube-App";
				PRODUCT_NAME = "$(TARGET_NAME)";
				PROVISIONING_PROFILE_SPECIFIER = "";
				SWIFT_VERSION = 5.0;
				TARGETED_DEVICE_FAMILY = "1,2";
			};
			name = Debug;
		};
		C23A1F3224E8B91200A8E5EE /* Release */ = {
			isa = XCBuildConfiguration;
			buildSettings = {
				ASSETCATALOG_COMPILER_APPICON_NAME = AppIcon;
				CODE_SIGN_ENTITLEMENTS = "Youtube-App/Youtube-App.entitlements";
				CODE_SIGN_IDENTITY = "Apple Development";
				CODE_SIGN_STYLE = Automatic;
				DEVELOPMENT_TEAM = F9LXX227CY;
				INFOPLIST_FILE = "Youtube-App/Info.plist";
				LD_RUNPATH_SEARCH_PATHS = (
					"$(inherited)",
					"@executable_path/Frameworks",
				);
				PRODUCT_BUNDLE_IDENTIFIER = "com.aayushpatel.Youtube-App";
				PRODUCT_NAME = "$(TARGET_NAME)";
				PROVISIONING_PROFILE_SPECIFIER = "";
				SWIFT_VERSION = 5.0;
				TARGETED_DEVICE_FAMILY = "1,2";
			};
			name = Release;
		};
/* End XCBuildConfiguration section */

/* Begin XCConfigurationList section */
		C23A1F1724E8B91100A8E5EE /* Build configuration list for PBXProject "Youtube-App" */ = {
			isa = XCConfigurationList;
			buildConfigurations = (
				C23A1F2E24E8B91200A8E5EE /* Debug */,
				C23A1F2F24E8B91200A8E5EE /* Release */,
			);
			defaultConfigurationIsVisible = 0;
			defaultConfigurationName = Release;
		};
		C23A1F3024E8B91200A8E5EE /* Build configuration list for PBXNativeTarget "Youtube-App" */ = {
			isa = XCConfigurationList;
			buildConfigurations = (
				C23A1F3124E8B91200A8E5EE /* Debug */,
				C23A1F3224E8B91200A8E5EE /* Release */,
			);
			defaultConfigurationIsVisible = 0;
			defaultConfigurationName = Release;
		};
/* End XCConfigurationList section */
	};
	rootObject = C23A1F1424E8B91100A8E5EE /* Project object */;
}
